PODS:
  - SwiftGen (6.1.0)
  - SwiftLint (0.39.1)

DEPENDENCIES:
  - SwiftGen
  - SwiftLint

SPEC REPOS:
  trunk:
    - SwiftGen
    - SwiftLint

SPEC CHECKSUMS:
  SwiftGen: f872ca75cbd17bf7103c17f13dcfa0d9a15667b0
  SwiftLint: 55e96a4a4d537d4a3156859fc1c54bd24851a046

PODFILE CHECKSUM: dc6ce52709c223b00d904cc2851d617ad8a671a8

COCOAPODS: 1.8.4
